// !$*UTF8*$!
{
	archiveVersion = 1;
	classes = {
	};
	objectVersion = 46;
	objects = {

/* Begin PBXBuildFile section */
		14329F3B89714CFA899392E0 /* libPods.a in Frameworks */ = {isa = PBXBuildFile; fileRef = 492199D5FF9247CCB64EC552 /* libPods.a */; };
		808A154F182C08A400FB3193 /* CocoapodExampleTest.m in Sources */ = {isa = PBXBuildFile; fileRef = 808A154E182C08A400FB3193 /* CocoapodExampleTest.m */; };
		80A2D576182B87D400A72E48 /* Foundation.framework in Frameworks */ = {isa = PBXBuildFile; fileRef = 80A2D575182B87D400A72E48 /* Foundation.framework */; };
		80A2D578182B87D400A72E48 /* CoreGraphics.framework in Frameworks */ = {isa = PBXBuildFile; fileRef = 80A2D577182B87D400A72E48 /* CoreGraphics.framework */; };
		80A2D57A182B87D400A72E48 /* UIKit.framework in Frameworks */ = {isa = PBXBuildFile; fileRef = 80A2D579182B87D400A72E48 /* UIKit.framework */; };
		80A2D580182B87D400A72E48 /* InfoPlist.strings in Resources */ = {isa = PBXBuildFile; fileRef = 80A2D57E182B87D400A72E48 /* InfoPlist.strings */; };
		80A2D582182B87D400A72E48 /* main.m in Sources */ = {isa = PBXBuildFile; fileRef = 80A2D581182B87D400A72E48 /* main.m */; };
		80A2D586182B87D400A72E48 /* DCAppDelegate.m in Sources */ = {isa = PBXBuildFile; fileRef = 80A2D585182B87D400A72E48 /* DCAppDelegate.m */; };
		80A2D589182B87D400A72E48 /* Main_iPhone.storyboard in Resources */ = {isa = PBXBuildFile; fileRef = 80A2D587182B87D400A72E48 /* Main_iPhone.storyboard */; };
		80A2D58C182B87D400A72E48 /* Main_iPad.storyboard in Resources */ = {isa = PBXBuildFile; fileRef = 80A2D58A182B87D400A72E48 /* Main_iPad.storyboard */; };
		80A2D58F182B87D400A72E48 /* DCViewController.m in Sources */ = {isa = PBXBuildFile; fileRef = 80A2D58E182B87D400A72E48 /* DCViewController.m */; };
		80A2D591182B87D400A72E48 /* Images.xcassets in Resources */ = {isa = PBXBuildFile; fileRef = 80A2D590182B87D400A72E48 /* Images.xcassets */; };
		80A2D598182B87D500A72E48 /* XCTest.framework in Frameworks */ = {isa = PBXBuildFile; fileRef = 80A2D597182B87D500A72E48 /* XCTest.framework */; };
		80A2D599182B87D500A72E48 /* Foundation.framework in Frameworks */ = {isa = PBXBuildFile; fileRef = 80A2D575182B87D400A72E48 /* Foundation.framework */; };
		80A2D59A182B87D500A72E48 /* UIKit.framework in Frameworks */ = {isa = PBXBuildFile; fileRef = 80A2D579182B87D400A72E48 /* UIKit.framework */; };
		80A2D5A2182B87D500A72E48 /* InfoPlist.strings in Resources */ = {isa = PBXBuildFile; fileRef = 80A2D5A0182B87D500A72E48 /* InfoPlist.strings */; };
/* End PBXBuildFile section */

/* Begin PBXContainerItemProxy section */
		80A2D59B182B87D500A72E48 /* PBXContainerItemProxy */ = {
			isa = PBXContainerItemProxy;
			containerPortal = 80A2D56A182B87D400A72E48 /* Project object */;
			proxyType = 1;
			remoteGlobalIDString = 80A2D571182B87D400A72E48;
			remoteInfo = "DCIntrospect-ARC Example";
		};
/* End PBXContainerItemProxy section */

/* Begin PBXFileReference section */
		22FDD9039A994D83A4356AB6 /* Pods.xcconfig */ = {isa = PBXFileReference; includeInIndex = 1; lastKnownFileType = text.xcconfig; name = Pods.xcconfig; path = Pods/Pods.xcconfig; sourceTree = "<group>"; };
		492199D5FF9247CCB64EC552 /* libPods.a */ = {isa = PBXFileReference; explicitFileType = archive.ar; includeInIndex = 0; path = libPods.a; sourceTree = BUILT_PRODUCTS_DIR; };
		808A154E182C08A400FB3193 /* CocoapodExampleTest.m */ = {isa = PBXFileReference; fileEncoding = 4; lastKnownFileType = sourcecode.c.objc; path = CocoapodExampleTest.m; sourceTree = "<group>"; };
		80A2D572182B87D400A72E48 /* DCIntrospect-ARC Example.app */ = {isa = PBXFileReference; explicitFileType = wrapper.application; includeInIndex = 0; path = "DCIntrospect-ARC Example.app"; sourceTree = BUILT_PRODUCTS_DIR; };
		80A2D575182B87D400A72E48 /* Foundation.framework */ = {isa = PBXFileReference; lastKnownFileType = wrapper.framework; name = Foundation.framework; path = System/Library/Frameworks/Foundation.framework; sourceTree = SDKROOT; };
		80A2D577182B87D400A72E48 /* CoreGraphics.framework */ = {isa = PBXFileReference; lastKnownFileType = wrapper.framework; name = CoreGraphics.framework; path = System/Library/Frameworks/CoreGraphics.framework; sourceTree = SDKROOT; };
		80A2D579182B87D400A72E48 /* UIKit.framework */ = {isa = PBXFileReference; lastKnownFileType = wrapper.framework; name = UIKit.framework; path = System/Library/Frameworks/UIKit.framework; sourceTree = SDKROOT; };
		80A2D57D182B87D400A72E48 /* DCIntrospect-ARC Example-Info.plist */ = {isa = PBXFileReference; lastKnownFileType = text.plist.xml; path = "DCIntrospect-ARC Example-Info.plist"; sourceTree = "<group>"; };
		80A2D57F182B87D400A72E48 /* en */ = {isa = PBXFileReference; lastKnownFileType = text.plist.strings; name = en; path = en.lproj/InfoPlist.strings; sourceTree = "<group>"; };
		80A2D581182B87D400A72E48 /* main.m */ = {isa = PBXFileReference; lastKnownFileType = sourcecode.c.objc; path = main.m; sourceTree = "<group>"; };
		80A2D583182B87D400A72E48 /* DCIntrospect-ARC Example-Prefix.pch */ = {isa = PBXFileReference; lastKnownFileType = sourcecode.c.h; path = "DCIntrospect-ARC Example-Prefix.pch"; sourceTree = "<group>"; };
		80A2D584182B87D400A72E48 /* DCAppDelegate.h */ = {isa = PBXFileReference; lastKnownFileType = sourcecode.c.h; path = DCAppDelegate.h; sourceTree = "<group>"; };
		80A2D585182B87D400A72E48 /* DCAppDelegate.m */ = {isa = PBXFileReference; lastKnownFileType = sourcecode.c.objc; path = DCAppDelegate.m; sourceTree = "<group>"; };
		80A2D588182B87D400A72E48 /* Base */ = {isa = PBXFileReference; lastKnownFileType = file.storyboard; name = Base; path = Base.lproj/Main_iPhone.storyboard; sourceTree = "<group>"; };
		80A2D58B182B87D400A72E48 /* Base */ = {isa = PBXFileReference; lastKnownFileType = file.storyboard; name = Base; path = Base.lproj/Main_iPad.storyboard; sourceTree = "<group>"; };
		80A2D58D182B87D400A72E48 /* DCViewController.h */ = {isa = PBXFileReference; lastKnownFileType = sourcecode.c.h; path = DCViewController.h; sourceTree = "<group>"; };
		80A2D58E182B87D400A72E48 /* DCViewController.m */ = {isa = PBXFileReference; lastKnownFileType = sourcecode.c.objc; path = DCViewController.m; sourceTree = "<group>"; };
		80A2D590182B87D400A72E48 /* Images.xcassets */ = {isa = PBXFileReference; lastKnownFileType = folder.assetcatalog; path = Images.xcassets; sourceTree = "<group>"; };
		80A2D596182B87D500A72E48 /* DCIntrospect-ARC ExampleTests.xctest */ = {isa = PBXFileReference; explicitFileType = wrapper.cfbundle; includeInIndex = 0; path = "DCIntrospect-ARC ExampleTests.xctest"; sourceTree = BUILT_PRODUCTS_DIR; };
		80A2D597182B87D500A72E48 /* XCTest.framework */ = {isa = PBXFileReference; lastKnownFileType = wrapper.framework; name = XCTest.framework; path = Library/Frameworks/XCTest.framework; sourceTree = DEVELOPER_DIR; };
		80A2D59F182B87D500A72E48 /* DCIntrospect-ARC ExampleTests-Info.plist */ = {isa = PBXFileReference; lastKnownFileType = text.plist.xml; path = "DCIntrospect-ARC ExampleTests-Info.plist"; sourceTree = "<group>"; };
		80A2D5A1182B87D500A72E48 /* en */ = {isa = PBXFileReference; lastKnownFileType = text.plist.strings; name = en; path = en.lproj/InfoPlist.strings; sourceTree = "<group>"; };
/* End PBXFileReference section */

/* Begin PBXFrameworksBuildPhase section */
		80A2D56F182B87D400A72E48 /* Frameworks */ = {
			isa = PBXFrameworksBuildPhase;
			buildActionMask = 2147483647;
			files = (
				80A2D578182B87D400A72E48 /* CoreGraphics.framework in Frameworks */,
				80A2D57A182B87D400A72E48 /* UIKit.framework in Frameworks */,
				80A2D576182B87D400A72E48 /* Foundation.framework in Frameworks */,
				14329F3B89714CFA899392E0 /* libPods.a in Frameworks */,
			);
			runOnlyForDeploymentPostprocessing = 0;
		};
		80A2D593182B87D500A72E48 /* Frameworks */ = {
			isa = PBXFrameworksBuildPhase;
			buildActionMask = 2147483647;
			files = (
				80A2D598182B87D500A72E48 /* XCTest.framework in Frameworks */,
				80A2D59A182B87D500A72E48 /* UIKit.framework in Frameworks */,
				80A2D599182B87D500A72E48 /* Foundation.framework in Frameworks */,
			);
			runOnlyForDeploymentPostprocessing = 0;
		};
/* End PBXFrameworksBuildPhase section */

/* Begin PBXGroup section */
		80A2D569182B87D400A72E48 = {
			isa = PBXGroup;
			children = (
				80A2D57B182B87D400A72E48 /* DCIntrospect-ARC Example */,
				80A2D59D182B87D500A72E48 /* DCIntrospect-ARC ExampleTests */,
				80A2D574182B87D400A72E48 /* Frameworks */,
				80A2D573182B87D400A72E48 /* Products */,
				22FDD9039A994D83A4356AB6 /* Pods.xcconfig */,
			);
			sourceTree = "<group>";
		};
		80A2D573182B87D400A72E48 /* Products */ = {
			isa = PBXGroup;
			children = (
				80A2D572182B87D400A72E48 /* DCIntrospect-ARC Example.app */,
				80A2D596182B87D500A72E48 /* DCIntrospect-ARC ExampleTests.xctest */,
			);
			name = Products;
			sourceTree = "<group>";
		};
		80A2D574182B87D400A72E48 /* Frameworks */ = {
			isa = PBXGroup;
			children = (
				80A2D575182B87D400A72E48 /* Foundation.framework */,
				80A2D577182B87D400A72E48 /* CoreGraphics.framework */,
				80A2D579182B87D400A72E48 /* UIKit.framework */,
				80A2D597182B87D500A72E48 /* XCTest.framework */,
				492199D5FF9247CCB64EC552 /* libPods.a */,
			);
			name = Frameworks;
			sourceTree = "<group>";
		};
		80A2D57B182B87D400A72E48 /* DCIntrospect-ARC Example */ = {
			isa = PBXGroup;
			children = (
				80A2D584182B87D400A72E48 /* DCAppDelegate.h */,
				80A2D585182B87D400A72E48 /* DCAppDelegate.m */,
				80A2D587182B87D400A72E48 /* Main_iPhone.storyboard */,
				80A2D58A182B87D400A72E48 /* Main_iPad.storyboard */,
				80A2D58D182B87D400A72E48 /* DCViewController.h */,
				80A2D58E182B87D400A72E48 /* DCViewController.m */,
				80A2D590182B87D400A72E48 /* Images.xcassets */,
				80A2D57C182B87D400A72E48 /* Supporting Files */,
			);
			path = "DCIntrospect-ARC Example";
			sourceTree = "<group>";
		};
		80A2D57C182B87D400A72E48 /* Supporting Files */ = {
			isa = PBXGroup;
			children = (
				80A2D57D182B87D400A72E48 /* DCIntrospect-ARC Example-Info.plist */,
				80A2D57E182B87D400A72E48 /* InfoPlist.strings */,
				80A2D581182B87D400A72E48 /* main.m */,
				80A2D583182B87D400A72E48 /* DCIntrospect-ARC Example-Prefix.pch */,
			);
			name = "Supporting Files";
			sourceTree = "<group>";
		};
		80A2D59D182B87D500A72E48 /* DCIntrospect-ARC ExampleTests */ = {
			isa = PBXGroup;
			children = (
				808A154E182C08A400FB3193 /* CocoapodExampleTest.m */,
				80A2D59E182B87D500A72E48 /* Supporting Files */,
			);
			path = "DCIntrospect-ARC ExampleTests";
			sourceTree = "<group>";
		};
		80A2D59E182B87D500A72E48 /* Supporting Files */ = {
			isa = PBXGroup;
			children = (
				80A2D59F182B87D500A72E48 /* DCIntrospect-ARC ExampleTests-Info.plist */,
				80A2D5A0182B87D500A72E48 /* InfoPlist.strings */,
			);
			name = "Supporting Files";
			sourceTree = "<group>";
		};
/* End PBXGroup section */

/* Begin PBXNativeTarget section */
		80A2D571182B87D400A72E48 /* DCIntrospect-ARC Example */ = {
			isa = PBXNativeTarget;
			buildConfigurationList = 80A2D5A7182B87D500A72E48 /* Build configuration list for PBXNativeTarget "DCIntrospect-ARC Example" */;
			buildPhases = (
				8F45FDED19DC4B9E89C93B00 /* Check Pods Manifest.lock */,
				80A2D56E182B87D400A72E48 /* Sources */,
				80A2D56F182B87D400A72E48 /* Frameworks */,
				80A2D570182B87D400A72E48 /* Resources */,
				285E64B1ACDC43DE998B319A /* Copy Pods Resources */,
			);
			buildRules = (
			);
			dependencies = (
			);
			name = "DCIntrospect-ARC Example";
			productName = "DCIntrospect-ARC Example";
			productReference = 80A2D572182B87D400A72E48 /* DCIntrospect-ARC Example.app */;
			productType = "com.apple.product-type.application";
		};
		80A2D595182B87D500A72E48 /* DCIntrospect-ARC ExampleTests */ = {
			isa = PBXNativeTarget;
			buildConfigurationList = 80A2D5AA182B87D500A72E48 /* Build configuration list for PBXNativeTarget "DCIntrospect-ARC ExampleTests" */;
			buildPhases = (
				80A2D592182B87D500A72E48 /* Sources */,
				80A2D593182B87D500A72E48 /* Frameworks */,
				80A2D594182B87D500A72E48 /* Resources */,
			);
			buildRules = (
			);
			dependencies = (
				80A2D59C182B87D500A72E48 /* PBXTargetDependency */,
			);
			name = "DCIntrospect-ARC ExampleTests";
			productName = "DCIntrospect-ARC ExampleTests";
			productReference = 80A2D596182B87D500A72E48 /* DCIntrospect-ARC ExampleTests.xctest */;
			productType = "com.apple.product-type.bundle.unit-test";
		};
/* End PBXNativeTarget section */

/* Begin PBXProject section */
		80A2D56A182B87D400A72E48 /* Project object */ = {
			isa = PBXProject;
			attributes = {
				CLASSPREFIX = DC;
				LastUpgradeCheck = 0500;
				ORGANIZATIONNAME = "Lukas Welte";
				TargetAttributes = {
					80A2D595182B87D500A72E48 = {
						TestTargetID = 80A2D571182B87D400A72E48;
					};
				};
			};
			buildConfigurationList = 80A2D56D182B87D400A72E48 /* Build configuration list for PBXProject "DCIntrospect-ARC Example" */;
			compatibilityVersion = "Xcode 3.2";
			developmentRegion = English;
			hasScannedForEncodings = 0;
			knownRegions = (
				en,
				Base,
			);
			mainGroup = 80A2D569182B87D400A72E48;
			productRefGroup = 80A2D573182B87D400A72E48 /* Products */;
			projectDirPath = "";
			projectRoot = "";
			targets = (
				80A2D571182B87D400A72E48 /* DCIntrospect-ARC Example */,
				80A2D595182B87D500A72E48 /* DCIntrospect-ARC ExampleTests */,
			);
		};
/* End PBXProject section */

/* Begin PBXResourcesBuildPhase section */
		80A2D570182B87D400A72E48 /* Resources */ = {
			isa = PBXResourcesBuildPhase;
			buildActionMask = 2147483647;
			files = (
				80A2D58C182B87D400A72E48 /* Main_iPad.storyboard in Resources */,
				80A2D591182B87D400A72E48 /* Images.xcassets in Resources */,
				80A2D589182B87D400A72E48 /* Main_iPhone.storyboard in Resources */,
				80A2D580182B87D400A72E48 /* InfoPlist.strings in Resources */,
			);
			runOnlyForDeploymentPostprocessing = 0;
		};
		80A2D594182B87D500A72E48 /* Resources */ = {
			isa = PBXResourcesBuildPhase;
			buildActionMask = 2147483647;
			files = (
				80A2D5A2182B87D500A72E48 /* InfoPlist.strings in Resources */,
			);
			runOnlyForDeploymentPostprocessing = 0;
		};
/* End PBXResourcesBuildPhase section */

/* Begin PBXShellScriptBuildPhase section */
		285E64B1ACDC43DE998B319A /* Copy Pods Resources */ = {
			isa = PBXShellScriptBuildPhase;
			buildActionMask = 2147483647;
			files = (
			);
			inputPaths = (
			);
			name = "Copy Pods Resources";
			outputPaths = (
			);
			runOnlyForDeploymentPostprocessing = 0;
			shellPath = /bin/sh;
			shellScript = "\"${SRCROOT}/Pods/Pods-resources.sh\"\n";
			showEnvVarsInLog = 0;
		};
		8F45FDED19DC4B9E89C93B00 /* Check Pods Manifest.lock */ = {
			isa = PBXShellScriptBuildPhase;
			buildActionMask = 2147483647;
			files = (
			);
			inputPaths = (
			);
			name = "Check Pods Manifest.lock";
			outputPaths = (
			);
			runOnlyForDeploymentPostprocessing = 0;
			shellPath = /bin/sh;
			shellScript = "diff \"${PODS_ROOT}/../Podfile.lock\" \"${PODS_ROOT}/Manifest.lock\" > /dev/null\nif [[ $? != 0 ]] ; then\n    cat << EOM\nerror: The sandbox is not in sync with the Podfile.lock. Run 'pod install' or update your CocoaPods installation.\nEOM\n    exit 1\nfi\n";
			showEnvVarsInLog = 0;
		};
/* End PBXShellScriptBuildPhase section */

/* Begin PBXSourcesBuildPhase section */
		80A2D56E182B87D400A72E48 /* Sources */ = {
			isa = PBXSourcesBuildPhase;
			buildActionMask = 2147483647;
			files = (
				80A2D582182B87D400A72E48 /* main.m in Sources */,
				80A2D58F182B87D400A72E48 /* DCViewController.m in Sources */,
				80A2D586182B87D400A72E48 /* DCAppDelegate.m in Sources */,
			);
			runOnlyForDeploymentPostprocessing = 0;
		};
		80A2D592182B87D500A72E48 /* Sources */ = {
			isa = PBXSourcesBuildPhase;
			buildActionMask = 2147483647;
			files = (
				808A154F182C08A400FB3193 /* CocoapodExampleTest.m in Sources */,
			);
			runOnlyForDeploymentPostprocessing = 0;
		};
/* End PBXSourcesBuildPhase section */

/* Begin PBXTargetDependency section */
		80A2D59C182B87D500A72E48 /* PBXTargetDependency */ = {
			isa = PBXTargetDependency;
			target = 80A2D571182B87D400A72E48 /* DCIntrospect-ARC Example */;
			targetProxy = 80A2D59B182B87D500A72E48 /* PBXContainerItemProxy */;
		};
/* End PBXTargetDependency section */

/* Begin PBXVariantGroup section */
		80A2D57E182B87D400A72E48 /* InfoPlist.strings */ = {
			isa = PBXVariantGroup;
			children = (
				80A2D57F182B87D400A72E48 /* en */,
			);
			name = InfoPlist.strings;
			sourceTree = "<group>";
		};
		80A2D587182B87D400A72E48 /* Main_iPhone.storyboard */ = {
			isa = PBXVariantGroup;
			children = (
				80A2D588182B87D400A72E48 /* Base */,
			);
			name = Main_iPhone.storyboard;
			sourceTree = "<group>";
		};
		80A2D58A182B87D400A72E48 /* Main_iPad.storyboard */ = {
			isa = PBXVariantGroup;
			children = (
				80A2D58B182B87D400A72E48 /* Base */,
			);
			name = Main_iPad.storyboard;
			sourceTree = "<group>";
		};
		80A2D5A0182B87D500A72E48 /* InfoPlist.strings */ = {
			isa = PBXVariantGroup;
			children = (
				80A2D5A1182B87D500A72E48 /* en */,
			);
			name = InfoPlist.strings;
			sourceTree = "<group>";
		};
/* End PBXVariantGroup section */

/* Begin XCBuildConfiguration section */
		80A2D5A5182B87D500A72E48 /* Debug */ = {
			isa = XCBuildConfiguration;
			buildSettings = {
				ALWAYS_SEARCH_USER_PATHS = NO;
				ARCHS = "$(ARCHS_STANDARD)";
				CLANG_CXX_LANGUAGE_STANDARD = "gnu++0x";
				CLANG_CXX_LIBRARY = "libc++";
				CLANG_ENABLE_MODULES = YES;
				CLANG_ENABLE_OBJC_ARC = YES;
				CLANG_WARN_BOOL_CONVERSION = YES;
				CLANG_WARN_CONSTANT_CONVERSION = YES;
				CLANG_WARN_DIRECT_OBJC_ISA_USAGE = YES_ERROR;
				CLANG_WARN_EMPTY_BODY = YES;
				CLANG_WARN_ENUM_CONVERSION = YES;
				CLANG_WARN_INT_CONVERSION = YES;
				CLANG_WARN_OBJC_ROOT_CLASS = YES_ERROR;
				CLANG_WARN__DUPLICATE_METHOD_MATCH = YES;
				"CODE_SIGN_IDENTITY[sdk=iphoneos*]" = "iPhone Developer";
				COPY_PHASE_STRIP = NO;
				GCC_C_LANGUAGE_STANDARD = gnu99;
				GCC_DYNAMIC_NO_PIC = NO;
				GCC_OPTIMIZATION_LEVEL = 0;
				GCC_PREPROCESSOR_DEFINITIONS = (
					"DEBUG=1",
					"$(inherited)",
				);
				GCC_SYMBOLS_PRIVATE_EXTERN = NO;
				GCC_WARN_64_TO_32_BIT_CONVERSION = YES;
				GCC_WARN_ABOUT_RETURN_TYPE = YES_ERROR;
				GCC_WARN_UNDECLARED_SELECTOR = YES;
				GCC_WARN_UNINITIALIZED_AUTOS = YES;
				GCC_WARN_UNUSED_FUNCTION = YES;
				GCC_WARN_UNUSED_VARIABLE = YES;
				IPHONEOS_DEPLOYMENT_TARGET = 7.0;
				ONLY_ACTIVE_ARCH = YES;
				SDKROOT = iphoneos;
				TARGETED_DEVICE_FAMILY = "1,2";
			};
			name = Debug;
		};
		80A2D5A6182B87D500A72E48 /* Release */ = {
			isa = XCBuildConfiguration;
			buildSettings = {
				ALWAYS_SEARCH_USER_PATHS = NO;
				ARCHS = "$(ARCHS_STANDARD)";
				CLANG_CXX_LANGUAGE_STANDARD = "gnu++0x";
				CLANG_CXX_LIBRARY = "libc++";
				CLANG_ENABLE_MODULES = YES;
				CLANG_ENABLE_OBJC_ARC = YES;
				CLANG_WARN_BOOL_CONVERSION = YES;
				CLANG_WARN_CONSTANT_CONVERSION = YES;
				CLANG_WARN_DIRECT_OBJC_ISA_USAGE = YES_ERROR;
				CLANG_WARN_EMPTY_BODY = YES;
				CLANG_WARN_ENUM_CONVERSION = YES;
				CLANG_WARN_INT_CONVERSION = YES;
				CLANG_WARN_OBJC_ROOT_CLASS = YES_ERROR;
				CLANG_WARN__DUPLICATE_METHOD_MATCH = YES;
				"CODE_SIGN_IDENTITY[sdk=iphoneos*]" = "iPhone Developer";
				COPY_PHASE_STRIP = YES;
				ENABLE_NS_ASSERTIONS = NO;
				GCC_C_LANGUAGE_STANDARD = gnu99;
				GCC_WARN_64_TO_32_BIT_CONVERSION = YES;
				GCC_WARN_ABOUT_RETURN_TYPE = YES_ERROR;
				GCC_WARN_UNDECLARED_SELECTOR = YES;
				GCC_WARN_UNINITIALIZED_AUTOS = YES;
				GCC_WARN_UNUSED_FUNCTION = YES;
				GCC_WARN_UNUSED_VARIABLE = YES;
				IPHONEOS_DEPLOYMENT_TARGET = 7.0;
				SDKROOT = iphoneos;
				TARGETED_DEVICE_FAMILY = "1,2";
				VALIDATE_PRODUCT = YES;
			};
			name = Release;
		};
		80A2D5A8182B87D500A72E48 /* Debug */ = {
			isa = XCBuildConfiguration;
			baseConfigurationReference = 22FDD9039A994D83A4356AB6 /* Pods.xcconfig */;
			buildSettings = {
				ARCHS = "$(ARCHS_STANDARD)";
				ASSETCATALOG_COMPILER_APPICON_NAME = AppIcon;
				ASSETCATALOG_COMPILER_LAUNCHIMAGE_NAME = LaunchImage;
				GCC_PRECOMPILE_PREFIX_HEADER = YES;
				GCC_PREFIX_HEADER = "DCIntrospect-ARC Example/DCIntrospect-ARC Example-Prefix.pch";
				INFOPLIST_FILE = "DCIntrospect-ARC Example/DCIntrospect-ARC Example-Info.plist";
				IPHONEOS_DEPLOYMENT_TARGET = 5.0;
				PRODUCT_NAME = "$(TARGET_NAME)";
				WRAPPER_EXTENSION = app;
			};
			name = Debug;
		};
		80A2D5A9182B87D500A72E48 /* Release */ = {
			isa = XCBuildConfiguration;
			baseConfigurationReference = 22FDD9039A994D83A4356AB6 /* Pods.xcconfig */;
			buildSettings = {
				ARCHS = "$(ARCHS_STANDARD)";
				ASSETCATALOG_COMPILER_APPICON_NAME = AppIcon;
				ASSETCATALOG_COMPILER_LAUNCHIMAGE_NAME = LaunchImage;
				GCC_PRECOMPILE_PREFIX_HEADER = YES;
				GCC_PREFIX_HEADER = "DCIntrospect-ARC Example/DCIntrospect-ARC Example-Prefix.pch";
				INFOPLIST_FILE = "DCIntrospect-ARC Example/DCIntrospect-ARC Example-Info.plist";
				IPHONEOS_DEPLOYMENT_TARGET = 5.0;
				PRODUCT_NAME = "$(TARGET_NAME)";
				WRAPPER_EXTENSION = app;
			};
			name = Release;
		};
		80A2D5AB182B87D500A72E48 /* Debug */ = {
			isa = XCBuildConfiguration;
			buildSettings = {
				ARCHS = "$(ARCHS_STANDARD_INCLUDING_64_BIT)";
				BUNDLE_LOADER = "$(BUILT_PRODUCTS_DIR)/DCIntrospect-ARC Example.app/DCIntrospect-ARC Example";
				FRAMEWORK_SEARCH_PATHS = (
					"$(SDKROOT)/Developer/Library/Frameworks",
					"$(inherited)",
					"$(DEVELOPER_FRAMEWORKS_DIR)",
				);
				GCC_PRECOMPILE_PREFIX_HEADER = YES;
				GCC_PREFIX_HEADER = "DCIntrospect-ARC Example/DCIntrospect-ARC Example-Prefix.pch";
				GCC_PREPROCESSOR_DEFINITIONS = (
					"DEBUG=1",
					"$(inherited)",
				);
				INFOPLIST_FILE = "DCIntrospect-ARC ExampleTests/DCIntrospect-ARC ExampleTests-Info.plist";
				PRODUCT_NAME = "$(TARGET_NAME)";
				TEST_HOST = "$(BUNDLE_LOADER)";
				WRAPPER_EXTENSION = xctest;
			};
			name = Debug;
		};
		80A2D5AC182B87D500A72E48 /* Release */ = {
			isa = XCBuildConfiguration;
			buildSettings = {
				ARCHS = "$(ARCHS_STANDARD_INCLUDING_64_BIT)";
				BUNDLE_LOADER = "$(BUILT_PRODUCTS_DIR)/DCIntrospect-ARC Example.app/DCIntrospect-ARC Example";
				FRAMEWORK_SEARCH_PATHS = (
					"$(SDKROOT)/Developer/Library/Frameworks",
					"$(inherited)",
					"$(DEVELOPER_FRAMEWORKS_DIR)",
				);
				GCC_PRECOMPILE_PREFIX_HEADER = YES;
				GCC_PREFIX_HEADER = "DCIntrospect-ARC Example/DCIntrospect-ARC Example-Prefix.pch";
				INFOPLIST_FILE = "DCIntrospect-ARC ExampleTests/DCIntrospect-ARC ExampleTests-Info.plist";
				PRODUCT_NAME = "$(TARGET_NAME)";
				TEST_HOST = "$(BUNDLE_LOADER)";
				WRAPPER_EXTENSION = xctest;
			};
			name = Release;
		};
/* End XCBuildConfiguration section */

/* Begin XCConfigurationList section */
		80A2D56D182B87D400A72E48 /* Build configuration list for PBXProject "DCIntrospect-ARC Example" */ = {
			isa = XCConfigurationList;
			buildConfigurations = (
				80A2D5A5182B87D500A72E48 /* Debug */,
				80A2D5A6182B87D500A72E48 /* Release */,
			);
			defaultConfigurationIsVisible = 0;
			defaultConfigurationName = Release;
		};
		80A2D5A7182B87D500A72E48 /* Build configuration list for PBXNativeTarget "DCIntrospect-ARC Example" */ = {
			isa = XCConfigurationList;
			buildConfigurations = (
				80A2D5A8182B87D500A72E48 /* Debug */,
				80A2D5A9182B87D500A72E48 /* Release */,
			);
			defaultConfigurationIsVisible = 0;
			defaultConfigurationName = Release;
		};
		80A2D5AA182B87D500A72E48 /* Build configuration list for PBXNativeTarget "DCIntrospect-ARC ExampleTests" */ = {
			isa = XCConfigurationList;
			buildConfigurations = (
				80A2D5AB182B87D500A72E48 /* Debug */,
				80A2D5AC182B87D500A72E48 /* Release */,
			);
			defaultConfigurationIsVisible = 0;
			defaultConfigurationName = Release;
		};
/* End XCConfigurationList section */
	};
	rootObject = 80A2D56A182B87D400A72E48 /* Project object */;
}
